
Microsoft Visual Studio Solution File, Format Version 12.00
# Visual Studio Version 16
VisualStudioVersion = 16.0.29123.89
MinimumVisualStudioVersion = 10.0.40219.1
Project("{FAE04EC0-301F-11D3-BF4B-00C04F79EFBC}") = "SimpleText", "SimpleText\SimpleText.csproj", "{BD680B73-24AA-4D2C-9CD8-C0C5FE3A6D06}"
EndProject
Global
	GlobalSection(SolutionConfigurationPlatforms) = preSolution
		Debug|Any CPU = Debug|Any CPU
		Release|Any CPU = Release|Any CPU
	EndGlobalSection
	GlobalSection(ProjectConfigurationPlatforms) = postSolution
		{BD680B73-24AA-4D2C-9CD8-C0C5FE3A6D06}.Debug|Any CPU.ActiveCfg = Debug|Any CPU
		{BD680B73-24AA-4D2C-9CD8-C0C5FE3A6D06}.Debug|Any CPU.Build.0 = Debug|Any CPU
		{BD680B73-24AA-4D2C-9CD8-C0C5FE3A6D06}.Release|Any CPU.ActiveCfg = Release|Any CPU
		{BD680B73-24AA-4D2C-9CD8-C0C5FE3A6D06}.Release|Any CPU.Build.0 = Release|Any CPU
	EndGlobalSection
	GlobalSection(SolutionProperties) = preSolution
		HideSolutionNode = FALSE
	EndGlobalSection
	GlobalSection(ExtensibilityGlobals) = postSolution
		SolutionGuid = {B7DF0110-39DF-47DE-A99A-F8C173D8AD34}
	EndGlobalSection
EndGlobal
